
Microsoft Visual Studio Solution File, Format Version 12.00
# Visual Studio Version 17
VisualStudioVersion = 17.1.32421.90
MinimumVisualStudioVersion = 10.0.40219.1
Project("{FAE04EC0-301F-11D3-BF4B-00C04F79EFBC}") = "Enigma", "Enigma\Enigma.csproj", "{0981D170-E810-4F8B-AF32-A85A4D63628A}"
EndProject
Global
	GlobalSection(SolutionConfigurationPlatforms) = preSolution
		Debug|Any CPU = Debug|Any CPU
		Release|Any CPU = Release|Any CPU
	EndGlobalSection
	GlobalSection(ProjectConfigurationPlatforms) = postSolution
		{0981D170-E810-4F8B-AF32-A85A4D63628A}.Debug|Any CPU.ActiveCfg = Debug|Any CPU
		{0981D170-E810-4F8B-AF32-A85A4D63628A}.Debug|Any CPU.Build.0 = Debug|Any CPU
		{0981D170-E810-4F8B-AF32-A85A4D63628A}.Release|Any CPU.ActiveCfg = Release|Any CPU
		{0981D170-E810-4F8B-AF32-A85A4D63628A}.Release|Any CPU.Build.0 = Release|Any CPU
	EndGlobalSection
	GlobalSection(SolutionProperties) = preSolution
		HideSolutionNode = FALSE
	EndGlobalSection
	GlobalSection(ExtensibilityGlobals) = postSolution
		SolutionGuid = {69634C42-AEF4-4834-BFC6-6696E18BCC3D}
	EndGlobalSection
EndGlobal
